
Microsoft Visual Studio Solution File, Format Version 12.00
# Visual Studio Version 17
VisualStudioVersion = 17.3.32929.385
MinimumVisualStudioVersion = 10.0.40219.1
Project("{FAE04EC0-301F-11D3-BF4B-00C04F79EFBC}") = "Maxim", "Maxim\Maxim.csproj", "{B780212D-ADE1-4914-9BAF-45674AEA61CE}"
EndProject
Global
	GlobalSection(SolutionConfigurationPlatforms) = preSolution
		Debug|Any CPU = Debug|Any CPU
		Release|Any CPU = Release|Any CPU
	EndGlobalSection
	GlobalSection(ProjectConfigurationPlatforms) = postSolution
		{B780212D-ADE1-4914-9BAF-45674AEA61CE}.Debug|Any CPU.ActiveCfg = Debug|Any CPU
		{B780212D-ADE1-4914-9BAF-45674AEA61CE}.Debug|Any CPU.Build.0 = Debug|Any CPU
		{B780212D-ADE1-4914-9BAF-45674AEA61CE}.Release|Any CPU.ActiveCfg = Release|Any CPU
		{B780212D-ADE1-4914-9BAF-45674AEA61CE}.Release|Any CPU.Build.0 = Release|Any CPU
	EndGlobalSection
	GlobalSection(SolutionProperties) = preSolution
		HideSolutionNode = FALSE
	EndGlobalSection
	GlobalSection(ExtensibilityGlobals) = postSolution
		SolutionGuid = {0D3AC9E2-96DC-404D-B0E7-A79AA82A0C4A}
	EndGlobalSection
EndGlobal
